{
  "pins" : [
    {
      "identity" : "appdmg",
      "kind" : "remoteSourceControl",
      "location" : "https://github.com/chocoford/AppDMG.git",
      "state" : {
        "branch" : "main",
        "revision" : "a62220e6ed548eb9e85f6daa776040db425307f5"
      }
    },
    {
      "identity" : "dsstorekit",
      "kind" : "remoteSourceControl",
      "location" : "https://github.com/chocoford/DSStoreKit.git",
      "state" : {
        "branch" : "main",
        "revision" : "a04cbdaf9c7294e045dc437e92d03bb709a5c335"
      }
    },
    {
      "identity" : "hdiutil",
      "kind" : "remoteSourceControl",
      "location" : "https://github.com/chocoford/hdiutil.git",
      "state" : {
        "branch" : "main",
        "revision" : "19c6039fec0ba17c0a1e67daac9a8ff330420bc0"
      }
    },
    {
      "identity" : "swift-argument-parser",
      "kind" : "remoteSourceControl",
      "location" : "https://github.com/apple/swift-argument-parser.git",
      "state" : {
        "revision" : "c8ed701b513cf5177118a175d85fbbbcd707ab41",
        "version" : "1.3.0"
      }
    }
  ],
  "version" : 2
}
